github.com/farwydi/dating-x v0.0.0-20201022184723-d9e61169f60f h1:PvwabNusUZ+HdGjLwpvdV40VNZ80FAg2wBQWmhvbHF0=
github.com/farwydi/dating-x v0.0.0-20201022184723-d9e61169f60f/go.mod h1:u7f0PWBOfqA8qsezRXmXpHi+WmVTRHKxKEg5xmUASo4=
github.com/google/uuid v1.1.2 h1:EVhdT+1Kseyi1/pUmXKaFxYsDNy9RQYkMWRH68J/W7Y=
github.com/google/uuid v1.1.2/go.mod h1:TIyPZe4MgqvfeYDBFedMoGGpEw/LqOeaOT+nhxU+yHo=
